
Microsoft Visual Studio Solution File, Format Version 12.00
# Visual Studio Version 16
VisualStudioVersion = 16.0.30204.135
MinimumVisualStudioVersion = 10.0.40219.1
Project("{9A19103F-16F7-4668-BE54-9A1E7A4F7556}") = "OnlineBookReselling", "OnlineBookReselling.csproj", "{952CED32-203E-465D-BB6C-B0E7FA37D080}"
EndProject
Project("{9A19103F-16F7-4668-BE54-9A1E7A4F7556}") = "OnlineBookReselling.Entities", "..\OnlineBookReselling.Entities\OnlineBookReselling.Entities.csproj", "{C516D27D-302F-412C-9C38-5B5310955481}"
EndProject
Project("{9A19103F-16F7-4668-BE54-9A1E7A4F7556}") = "OnlineBookReselling.DataLayer", "..\OnlineBookReselling.DataLayer\OnlineBookReselling.DataLayer.csproj", "{C97AB3FC-69B2-4BC0-AA75-60D8346B7C82}"
EndProject
Project("{9A19103F-16F7-4668-BE54-9A1E7A4F7556}") = "OnlineBookReselling.BusinessLayer", "..\OnlineBookReselling.BusinessLayer\OnlineBookReselling.BusinessLayer.csproj", "{C247281B-47FE-49F9-88B2-B9C7A2242EC1}"
EndProject
Project("{FAE04EC0-301F-11D3-BF4B-00C04F79EFBC}") = "OnlineBookReselling.Tests", "..\OnlineBookReselling.Tests\OnlineBookReselling.Tests.csproj", "{0A8FA948-0D29-4B25-8B61-9995ED8950B8}"
EndProject
Global
	GlobalSection(SolutionConfigurationPlatforms) = preSolution
		Debug|Any CPU = Debug|Any CPU
		Release|Any CPU = Release|Any CPU
	EndGlobalSection
	GlobalSection(ProjectConfigurationPlatforms) = postSolution
		{952CED32-203E-465D-BB6C-B0E7FA37D080}.Debug|Any CPU.ActiveCfg = Debug|Any CPU
		{952CED32-203E-465D-BB6C-B0E7FA37D080}.Debug|Any CPU.Build.0 = Debug|Any CPU
		{952CED32-203E-465D-BB6C-B0E7FA37D080}.Release|Any CPU.ActiveCfg = Release|Any CPU
		{952CED32-203E-465D-BB6C-B0E7FA37D080}.Release|Any CPU.Build.0 = Release|Any CPU
		{C516D27D-302F-412C-9C38-5B5310955481}.Debug|Any CPU.ActiveCfg = Debug|Any CPU
		{C516D27D-302F-412C-9C38-5B5310955481}.Debug|Any CPU.Build.0 = Debug|Any CPU
		{C516D27D-302F-412C-9C38-5B5310955481}.Release|Any CPU.ActiveCfg = Release|Any CPU
		{C516D27D-302F-412C-9C38-5B5310955481}.Release|Any CPU.Build.0 = Release|Any CPU
		{C97AB3FC-69B2-4BC0-AA75-60D8346B7C82}.Debug|Any CPU.ActiveCfg = Debug|Any CPU
		{C97AB3FC-69B2-4BC0-AA75-60D8346B7C82}.Debug|Any CPU.Build.0 = Debug|Any CPU
		{C97AB3FC-69B2-4BC0-AA75-60D8346B7C82}.Release|Any CPU.ActiveCfg = Release|Any CPU
		{C97AB3FC-69B2-4BC0-AA75-60D8346B7C82}.Release|Any CPU.Build.0 = Release|Any CPU
		{C247281B-47FE-49F9-88B2-B9C7A2242EC1}.Debug|Any CPU.ActiveCfg = Debug|Any CPU
		{C247281B-47FE-49F9-88B2-B9C7A2242EC1}.Debug|Any CPU.Build.0 = Debug|Any CPU
		{C247281B-47FE-49F9-88B2-B9C7A2242EC1}.Release|Any CPU.ActiveCfg = Release|Any CPU
		{C247281B-47FE-49F9-88B2-B9C7A2242EC1}.Release|Any CPU.Build.0 = Release|Any CPU
		{0A8FA948-0D29-4B25-8B61-9995ED8950B8}.Debug|Any CPU.ActiveCfg = Debug|Any CPU
		{0A8FA948-0D29-4B25-8B61-9995ED8950B8}.Debug|Any CPU.Build.0 = Debug|Any CPU
		{0A8FA948-0D29-4B25-8B61-9995ED8950B8}.Release|Any CPU.ActiveCfg = Release|Any CPU
		{0A8FA948-0D29-4B25-8B61-9995ED8950B8}.Release|Any CPU.Build.0 = Release|Any CPU
	EndGlobalSection
	GlobalSection(SolutionProperties) = preSolution
		HideSolutionNode = FALSE
	EndGlobalSection
	GlobalSection(ExtensibilityGlobals) = postSolution
		SolutionGuid = {945AB6C9-12D0-4257-80D1-C9A247C87CF1}
	EndGlobalSection
EndGlobal
